{
  "name": "lei-hooks",
  "version": "1.0.1",
  "lockfileVersion": 1,
  "requires": true,
  "dependencies": {
    "kind-of": {
      "version": "6.0.3",
      "resolved": "https://npm.iyunquna.com/kind-of/-/kind-of-6.0.3.tgz",
      "integrity": "sha1-B8BQNKbDSfoG4k+jWqdttFgM5N0="
    },
    "use-immer": {
      "version": "0.5.2",
      "resolved": "https://npm.iyunquna.com/use-immer/-/use-immer-0.5.2.tgz",
      "integrity": "sha1-X2HVZi6w3xkmY7t44gBSGFjpJJk="
    }
  }
}
