{
  "name": "lei-hooks",
  "version": "1.0.14",
  "lockfileVersion": 1,
  "requires": true,
  "dependencies": {
    "kind-of": {
      "version": "6.0.3",
      "resolved": "https://registry.npmjs.org/kind-of/-/kind-of-6.0.3.tgz",
      "integrity": "sha512-dcS1ul+9tmeD95T+x28/ehLgd9mENa3LsvDTtzm3vyBEO7RPptvAD+t44WVXaUjTBRcrpFeFlC8WCruUR456hw=="
    },
    "use-immer": {
      "version": "0.5.2",
      "resolved": "https://registry.npmjs.org/use-immer/-/use-immer-0.5.2.tgz",
      "integrity": "sha512-aHnLa85kftWo05lqJVOy3GLXrydqu6kl0MXvo5k5OW8IoLJixa9NY/48Xdy0LlcqdakBTFLbSDZaYVPMVhYy8Q=="
    }
  }
}
